
Microsoft Visual Studio Solution File, Format Version 12.00
# Visual Studio Version 16
VisualStudioVersion = 16.0.31112.23
MinimumVisualStudioVersion = 10.0.40219.1
Project("{8BC9CEB8-8B4A-11D0-8D11-00A0C91BC942}") = "UDP_C", "UDP_C.vcxproj", "{5FC24F00-5085-4551-BAAE-1861819EF830}"
EndProject
Global
	GlobalSection(SolutionConfigurationPlatforms) = preSolution
		Debug|x64 = Debug|x64
		Debug|x86 = Debug|x86
		Release|x64 = Release|x64
		Release|x86 = Release|x86
	EndGlobalSection
	GlobalSection(ProjectConfigurationPlatforms) = postSolution
		{5FC24F00-5085-4551-BAAE-1861819EF830}.Debug|x64.ActiveCfg = Debug|x64
		{5FC24F00-5085-4551-BAAE-1861819EF830}.Debug|x64.Build.0 = Debug|x64
		{5FC24F00-5085-4551-BAAE-1861819EF830}.Debug|x86.ActiveCfg = Debug|Win32
		{5FC24F00-5085-4551-BAAE-1861819EF830}.Debug|x86.Build.0 = Debug|Win32
		{5FC24F00-5085-4551-BAAE-1861819EF830}.Release|x64.ActiveCfg = Release|x64
		{5FC24F00-5085-4551-BAAE-1861819EF830}.Release|x64.Build.0 = Release|x64
		{5FC24F00-5085-4551-BAAE-1861819EF830}.Release|x86.ActiveCfg = Release|Win32
		{5FC24F00-5085-4551-BAAE-1861819EF830}.Release|x86.Build.0 = Release|Win32
	EndGlobalSection
	GlobalSection(SolutionProperties) = preSolution
		HideSolutionNode = FALSE
	EndGlobalSection
	GlobalSection(ExtensibilityGlobals) = postSolution
		SolutionGuid = {3FAEB752-8C13-442F-A60D-4D9265929584}
	EndGlobalSection
EndGlobal
