
Microsoft Visual Studio Solution File, Format Version 12.00
# Visual Studio Version 16
VisualStudioVersion = 16.0.31112.23
MinimumVisualStudioVersion = 10.0.40219.1
Project("{8BC9CEB8-8B4A-11D0-8D11-00A0C91BC942}") = "sniffer", "sniffer.vcxproj", "{0E7CC7EB-EC3D-4290-BB12-A97843DF1A08}"
EndProject
Global
	GlobalSection(SolutionConfigurationPlatforms) = preSolution
		Debug|x64 = Debug|x64
		Debug|x86 = Debug|x86
		Release|x64 = Release|x64
		Release|x86 = Release|x86
	EndGlobalSection
	GlobalSection(ProjectConfigurationPlatforms) = postSolution
		{0E7CC7EB-EC3D-4290-BB12-A97843DF1A08}.Debug|x64.ActiveCfg = Debug|x64
		{0E7CC7EB-EC3D-4290-BB12-A97843DF1A08}.Debug|x64.Build.0 = Debug|x64
		{0E7CC7EB-EC3D-4290-BB12-A97843DF1A08}.Debug|x86.ActiveCfg = Debug|Win32
		{0E7CC7EB-EC3D-4290-BB12-A97843DF1A08}.Debug|x86.Build.0 = Debug|Win32
		{0E7CC7EB-EC3D-4290-BB12-A97843DF1A08}.Release|x64.ActiveCfg = Release|x64
		{0E7CC7EB-EC3D-4290-BB12-A97843DF1A08}.Release|x64.Build.0 = Release|x64
		{0E7CC7EB-EC3D-4290-BB12-A97843DF1A08}.Release|x86.ActiveCfg = Release|Win32
		{0E7CC7EB-EC3D-4290-BB12-A97843DF1A08}.Release|x86.Build.0 = Release|Win32
	EndGlobalSection
	GlobalSection(SolutionProperties) = preSolution
		HideSolutionNode = FALSE
	EndGlobalSection
	GlobalSection(ExtensibilityGlobals) = postSolution
		SolutionGuid = {39DE71C2-49ED-4F15-B002-7BBB7C7BA0B5}
	EndGlobalSection
EndGlobal
