
Microsoft Visual Studio Solution File, Format Version 12.00
# Visual Studio Version 16
VisualStudioVersion = 16.0.31112.23
MinimumVisualStudioVersion = 10.0.40219.1
Project("{8BC9CEB8-8B4A-11D0-8D11-00A0C91BC942}") = "UDP_S", "UDP_S.vcxproj", "{48FB7F15-01F8-4AED-950C-EA88162EFD90}"
EndProject
Global
	GlobalSection(SolutionConfigurationPlatforms) = preSolution
		Debug|x64 = Debug|x64
		Debug|x86 = Debug|x86
		Release|x64 = Release|x64
		Release|x86 = Release|x86
	EndGlobalSection
	GlobalSection(ProjectConfigurationPlatforms) = postSolution
		{48FB7F15-01F8-4AED-950C-EA88162EFD90}.Debug|x64.ActiveCfg = Debug|x64
		{48FB7F15-01F8-4AED-950C-EA88162EFD90}.Debug|x64.Build.0 = Debug|x64
		{48FB7F15-01F8-4AED-950C-EA88162EFD90}.Debug|x86.ActiveCfg = Debug|Win32
		{48FB7F15-01F8-4AED-950C-EA88162EFD90}.Debug|x86.Build.0 = Debug|Win32
		{48FB7F15-01F8-4AED-950C-EA88162EFD90}.Release|x64.ActiveCfg = Release|x64
		{48FB7F15-01F8-4AED-950C-EA88162EFD90}.Release|x64.Build.0 = Release|x64
		{48FB7F15-01F8-4AED-950C-EA88162EFD90}.Release|x86.ActiveCfg = Release|Win32
		{48FB7F15-01F8-4AED-950C-EA88162EFD90}.Release|x86.Build.0 = Release|Win32
	EndGlobalSection
	GlobalSection(SolutionProperties) = preSolution
		HideSolutionNode = FALSE
	EndGlobalSection
	GlobalSection(ExtensibilityGlobals) = postSolution
		SolutionGuid = {B1B584C1-1376-425B-A0FD-C95141A0F16F}
	EndGlobalSection
EndGlobal
