
Microsoft Visual Studio Solution File, Format Version 12.00
# Visual Studio Version 16
VisualStudioVersion = 16.0.31112.23
MinimumVisualStudioVersion = 10.0.40219.1
Project("{8BC9CEB8-8B4A-11D0-8D11-00A0C91BC942}") = "TCP_S", "TCP_S.vcxproj", "{4A641E20-89E8-4562-A9C3-07B2BD2035C1}"
EndProject
Global
	GlobalSection(SolutionConfigurationPlatforms) = preSolution
		Debug|x64 = Debug|x64
		Debug|x86 = Debug|x86
		Release|x64 = Release|x64
		Release|x86 = Release|x86
	EndGlobalSection
	GlobalSection(ProjectConfigurationPlatforms) = postSolution
		{4A641E20-89E8-4562-A9C3-07B2BD2035C1}.Debug|x64.ActiveCfg = Debug|x64
		{4A641E20-89E8-4562-A9C3-07B2BD2035C1}.Debug|x64.Build.0 = Debug|x64
		{4A641E20-89E8-4562-A9C3-07B2BD2035C1}.Debug|x86.ActiveCfg = Debug|Win32
		{4A641E20-89E8-4562-A9C3-07B2BD2035C1}.Debug|x86.Build.0 = Debug|Win32
		{4A641E20-89E8-4562-A9C3-07B2BD2035C1}.Release|x64.ActiveCfg = Release|x64
		{4A641E20-89E8-4562-A9C3-07B2BD2035C1}.Release|x64.Build.0 = Release|x64
		{4A641E20-89E8-4562-A9C3-07B2BD2035C1}.Release|x86.ActiveCfg = Release|Win32
		{4A641E20-89E8-4562-A9C3-07B2BD2035C1}.Release|x86.Build.0 = Release|Win32
	EndGlobalSection
	GlobalSection(SolutionProperties) = preSolution
		HideSolutionNode = FALSE
	EndGlobalSection
	GlobalSection(ExtensibilityGlobals) = postSolution
		SolutionGuid = {C34C51C1-C986-4CA2-93B4-6B01E832F400}
	EndGlobalSection
EndGlobal
